// !$*UTF8*$!
{
	archiveVersion = 1;
	classes = {
	};
	objectVersion = 55;
	objects = {

/* Begin PBXBuildFile section */
		06CB96D428B0C971007423BC /* AppDelegate.swift in Sources */ = {isa = PBXBuildFile; fileRef = 06CB96D328B0C971007423BC /* AppDelegate.swift */; };
		06CB96D628B0C971007423BC /* SceneDelegate.swift in Sources */ = {isa = PBXBuildFile; fileRef = 06CB96D528B0C971007423BC /* SceneDelegate.swift */; };
		06CB96D828B0C971007423BC /* FirstViewController.swift in Sources */ = {isa = PBXBuildFile; fileRef = 06CB96D728B0C971007423BC /* FirstViewController.swift */; };
		06CB96DB28B0C971007423BC /* Main.storyboard in Resources */ = {isa = PBXBuildFile; fileRef = 06CB96D928B0C971007423BC /* Main.storyboard */; };
		06CB96DD28B0C971007423BC /* Assets.xcassets in Resources */ = {isa = PBXBuildFile; fileRef = 06CB96DC28B0C971007423BC /* Assets.xcassets */; };
		06CB96E028B0C971007423BC /* LaunchScreen.storyboard in Resources */ = {isa = PBXBuildFile; fileRef = 06CB96DE28B0C971007423BC /* LaunchScreen.storyboard */; };
		06CB96E828B0CBD6007423BC /* SecondViewController.swift in Sources */ = {isa = PBXBuildFile; fileRef = 06CB96E728B0CBD6007423BC /* SecondViewController.swift */; };
		06CB96EA28B0CBE9007423BC /* ThreeViewController.swift in Sources */ = {isa = PBXBuildFile; fileRef = 06CB96E928B0CBE9007423BC /* ThreeViewController.swift */; };
		06CB96EC28B0CC28007423BC /* FourthViewController.swift in Sources */ = {isa = PBXBuildFile; fileRef = 06CB96EB28B0CC28007423BC /* FourthViewController.swift */; };
		06CB96EF28B0CCF3007423BC /* Character.swift in Sources */ = {isa = PBXBuildFile; fileRef = 06CB96EE28B0CCF3007423BC /* Character.swift */; };
/* End PBXBuildFile section */

/* Begin PBXFileReference section */
		06CB96D028B0C971007423BC /* Path.app */ = {isa = PBXFileReference; explicitFileType = wrapper.application; includeInIndex = 0; path = Path.app; sourceTree = BUILT_PRODUCTS_DIR; };
		06CB96D328B0C971007423BC /* AppDelegate.swift */ = {isa = PBXFileReference; lastKnownFileType = sourcecode.swift; path = AppDelegate.swift; sourceTree = "<group>"; };
		06CB96D528B0C971007423BC /* SceneDelegate.swift */ = {isa = PBXFileReference; lastKnownFileType = sourcecode.swift; path = SceneDelegate.swift; sourceTree = "<group>"; };
		06CB96D728B0C971007423BC /* FirstViewController.swift */ = {isa = PBXFileReference; lastKnownFileType = sourcecode.swift; path = FirstViewController.swift; sourceTree = "<group>"; };
		06CB96DA28B0C971007423BC /* Base */ = {isa = PBXFileReference; lastKnownFileType = file.storyboard; name = Base; path = Base.lproj/Main.storyboard; sourceTree = "<group>"; };
		06CB96DC28B0C971007423BC /* Assets.xcassets */ = {isa = PBXFileReference; lastKnownFileType = folder.assetcatalog; path = Assets.xcassets; sourceTree = "<group>"; };
		06CB96DF28B0C971007423BC /* Base */ = {isa = PBXFileReference; lastKnownFileType = file.storyboard; name = Base; path = Base.lproj/LaunchScreen.storyboard; sourceTree = "<group>"; };
		06CB96E128B0C971007423BC /* Info.plist */ = {isa = PBXFileReference; lastKnownFileType = text.plist.xml; path = Info.plist; sourceTree = "<group>"; };
		06CB96E728B0CBD6007423BC /* SecondViewController.swift */ = {isa = PBXFileReference; lastKnownFileType = sourcecode.swift; path = SecondViewController.swift; sourceTree = "<group>"; };
		06CB96E928B0CBE9007423BC /* ThreeViewController.swift */ = {isa = PBXFileReference; lastKnownFileType = sourcecode.swift; path = ThreeViewController.swift; sourceTree = "<group>"; };
		06CB96EB28B0CC28007423BC /* FourthViewController.swift */ = {isa = PBXFileReference; lastKnownFileType = sourcecode.swift; path = FourthViewController.swift; sourceTree = "<group>"; };
		06CB96EE28B0CCF3007423BC /* Character.swift */ = {isa = PBXFileReference; lastKnownFileType = sourcecode.swift; path = Character.swift; sourceTree = "<group>"; };
/* End PBXFileReference section */

/* Begin PBXFrameworksBuildPhase section */
		06CB96CD28B0C971007423BC /* Frameworks */ = {
			isa = PBXFrameworksBuildPhase;
			buildActionMask = 2147483647;
			files = (
			);
			runOnlyForDeploymentPostprocessing = 0;
		};
/* End PBXFrameworksBuildPhase section */

/* Begin PBXGroup section */
		06CB96C728B0C971007423BC = {
			isa = PBXGroup;
			children = (
				06CB96D228B0C971007423BC /* Path */,
				06CB96D128B0C971007423BC /* Products */,
			);
			sourceTree = "<group>";
		};
		06CB96D128B0C971007423BC /* Products */ = {
			isa = PBXGroup;
			children = (
				06CB96D028B0C971007423BC /* Path.app */,
			);
			name = Products;
			sourceTree = "<group>";
		};
		06CB96D228B0C971007423BC /* Path */ = {
			isa = PBXGroup;
			children = (
				06CB96D328B0C971007423BC /* AppDelegate.swift */,
				06CB96D528B0C971007423BC /* SceneDelegate.swift */,
				06CB96F028B0CD27007423BC /* Models */,
				06CB96ED28B0CCCA007423BC /* ViewControllers */,
				06CB96D928B0C971007423BC /* Main.storyboard */,
				06CB96DC28B0C971007423BC /* Assets.xcassets */,
				06CB96DE28B0C971007423BC /* LaunchScreen.storyboard */,
				06CB96E128B0C971007423BC /* Info.plist */,
			);
			path = Path;
			sourceTree = "<group>";
		};
		06CB96ED28B0CCCA007423BC /* ViewControllers */ = {
			isa = PBXGroup;
			children = (
				06CB96D728B0C971007423BC /* FirstViewController.swift */,
				06CB96E728B0CBD6007423BC /* SecondViewController.swift */,
				06CB96E928B0CBE9007423BC /* ThreeViewController.swift */,
				06CB96EB28B0CC28007423BC /* FourthViewController.swift */,
			);
			path = ViewControllers;
			sourceTree = "<group>";
		};
		06CB96F028B0CD27007423BC /* Models */ = {
			isa = PBXGroup;
			children = (
				06CB96EE28B0CCF3007423BC /* Character.swift */,
			);
			path = Models;
			sourceTree = "<group>";
		};
/* End PBXGroup section */

/* Begin PBXNativeTarget section */
		06CB96CF28B0C971007423BC /* Path */ = {
			isa = PBXNativeTarget;
			buildConfigurationList = 06CB96E428B0C971007423BC /* Build configuration list for PBXNativeTarget "Path" */;
			buildPhases = (
				06CB96CC28B0C971007423BC /* Sources */,
				06CB96CD28B0C971007423BC /* Frameworks */,
				06CB96CE28B0C971007423BC /* Resources */,
			);
			buildRules = (
			);
			dependencies = (
			);
			name = Path;
			productName = Path;
			productReference = 06CB96D028B0C971007423BC /* Path.app */;
			productType = "com.apple.product-type.application";
		};
/* End PBXNativeTarget section */

/* Begin PBXProject section */
		06CB96C828B0C971007423BC /* Project object */ = {
			isa = PBXProject;
			attributes = {
				BuildIndependentTargetsInParallel = 1;
				LastSwiftUpdateCheck = 1340;
				LastUpgradeCheck = 1340;
				TargetAttributes = {
					06CB96CF28B0C971007423BC = {
						CreatedOnToolsVersion = 13.4.1;
					};
				};
			};
			buildConfigurationList = 06CB96CB28B0C971007423BC /* Build configuration list for PBXProject "Path" */;
			compatibilityVersion = "Xcode 13.0";
			developmentRegion = en;
			hasScannedForEncodings = 0;
			knownRegions = (
				en,
				Base,
			);
			mainGroup = 06CB96C728B0C971007423BC;
			productRefGroup = 06CB96D128B0C971007423BC /* Products */;
			projectDirPath = "";
			projectRoot = "";
			targets = (
				06CB96CF28B0C971007423BC /* Path */,
			);
		};
/* End PBXProject section */

/* Begin PBXResourcesBuildPhase section */
		06CB96CE28B0C971007423BC /* Resources */ = {
			isa = PBXResourcesBuildPhase;
			buildActionMask = 2147483647;
			files = (
				06CB96E028B0C971007423BC /* LaunchScreen.storyboard in Resources */,
				06CB96DD28B0C971007423BC /* Assets.xcassets in Resources */,
				06CB96DB28B0C971007423BC /* Main.storyboard in Resources */,
			);
			runOnlyForDeploymentPostprocessing = 0;
		};
/* End PBXResourcesBuildPhase section */

/* Begin PBXSourcesBuildPhase section */
		06CB96CC28B0C971007423BC /* Sources */ = {
			isa = PBXSourcesBuildPhase;
			buildActionMask = 2147483647;
			files = (
				06CB96EC28B0CC28007423BC /* FourthViewController.swift in Sources */,
				06CB96E828B0CBD6007423BC /* SecondViewController.swift in Sources */,
				06CB96EF28B0CCF3007423BC /* Character.swift in Sources */,
				06CB96D828B0C971007423BC /* FirstViewController.swift in Sources */,
				06CB96D428B0C971007423BC /* AppDelegate.swift in Sources */,
				06CB96D628B0C971007423BC /* SceneDelegate.swift in Sources */,
				06CB96EA28B0CBE9007423BC /* ThreeViewController.swift in Sources */,
			);
			runOnlyForDeploymentPostprocessing = 0;
		};
/* End PBXSourcesBuildPhase section */

/* Begin PBXVariantGroup section */
		06CB96D928B0C971007423BC /* Main.storyboard */ = {
			isa = PBXVariantGroup;
			children = (
				06CB96DA28B0C971007423BC /* Base */,
			);
			name = Main.storyboard;
			sourceTree = "<group>";
		};
		06CB96DE28B0C971007423BC /* LaunchScreen.storyboard */ = {
			isa = PBXVariantGroup;
			children = (
				06CB96DF28B0C971007423BC /* Base */,
			);
			name = LaunchScreen.storyboard;
			sourceTree = "<group>";
		};
/* End PBXVariantGroup section */

/* Begin XCBuildConfiguration section */
		06CB96E228B0C971007423BC /* Debug */ = {
			isa = XCBuildConfiguration;
			buildSettings = {
				ALWAYS_SEARCH_USER_PATHS = NO;
				CLANG_ANALYZER_NONNULL = YES;
				CLANG_ANALYZER_NUMBER_OBJECT_CONVERSION = YES_AGGRESSIVE;
				CLANG_CXX_LANGUAGE_STANDARD = "gnu++17";
				CLANG_ENABLE_MODULES = YES;
				CLANG_ENABLE_OBJC_ARC = YES;
				CLANG_ENABLE_OBJC_WEAK = YES;
				CLANG_WARN_BLOCK_CAPTURE_AUTORELEASING = YES;
				CLANG_WARN_BOOL_CONVERSION = YES;
				CLANG_WARN_COMMA = YES;
				CLANG_WARN_CONSTANT_CONVERSION = YES;
				CLANG_WARN_DEPRECATED_OBJC_IMPLEMENTATIONS = YES;
				CLANG_WARN_DIRECT_OBJC_ISA_USAGE = YES_ERROR;
				CLANG_WARN_DOCUMENTATION_COMMENTS = YES;
				CLANG_WARN_EMPTY_BODY = YES;
				CLANG_WARN_ENUM_CONVERSION = YES;
				CLANG_WARN_INFINITE_RECURSION = YES;
				CLANG_WARN_INT_CONVERSION = YES;
				CLANG_WARN_NON_LITERAL_NULL_CONVERSION = YES;
				CLANG_WARN_OBJC_IMPLICIT_RETAIN_SELF = YES;
				CLANG_WARN_OBJC_LITERAL_CONVERSION = YES;
				CLANG_WARN_OBJC_ROOT_CLASS = YES_ERROR;
				CLANG_WARN_QUOTED_INCLUDE_IN_FRAMEWORK_HEADER = YES;
				CLANG_WARN_RANGE_LOOP_ANALYSIS = YES;
				CLANG_WARN_STRICT_PROTOTYPES = YES;
				CLANG_WARN_SUSPICIOUS_MOVE = YES;
				CLANG_WARN_UNGUARDED_AVAILABILITY = YES_AGGRESSIVE;
				CLANG_WARN_UNREACHABLE_CODE = YES;
				CLANG_WARN__DUPLICATE_METHOD_MATCH = YES;
				COPY_PHASE_STRIP = NO;
				DEBUG_INFORMATION_FORMAT = dwarf;
				ENABLE_STRICT_OBJC_MSGSEND = YES;
				ENABLE_TESTABILITY = YES;
				GCC_C_LANGUAGE_STANDARD = gnu11;
				GCC_DYNAMIC_NO_PIC = NO;
				GCC_NO_COMMON_BLOCKS = YES;
				GCC_OPTIMIZATION_LEVEL = 0;
				GCC_PREPROCESSOR_DEFINITIONS = (
					"DEBUG=1",
					"$(inherited)",
				);
				GCC_WARN_64_TO_32_BIT_CONVERSION = YES;
				GCC_WARN_ABOUT_RETURN_TYPE = YES_ERROR;
				GCC_WARN_UNDECLARED_SELECTOR = YES;
				GCC_WARN_UNINITIALIZED_AUTOS = YES_AGGRESSIVE;
				GCC_WARN_UNUSED_FUNCTION = YES;
				GCC_WARN_UNUSED_VARIABLE = YES;
				IPHONEOS_DEPLOYMENT_TARGET = 15.5;
				MTL_ENABLE_DEBUG_INFO = INCLUDE_SOURCE;
				MTL_FAST_MATH = YES;
				ONLY_ACTIVE_ARCH = YES;
				SDKROOT = iphoneos;
				SWIFT_ACTIVE_COMPILATION_CONDITIONS = DEBUG;
				SWIFT_OPTIMIZATION_LEVEL = "-Onone";
			};
			name = Debug;
		};
		06CB96E328B0C971007423BC /* Release */ = {
			isa = XCBuildConfiguration;
			buildSettings = {
				ALWAYS_SEARCH_USER_PATHS = NO;
				CLANG_ANALYZER_NONNULL = YES;
				CLANG_ANALYZER_NUMBER_OBJECT_CONVERSION = YES_AGGRESSIVE;
				CLANG_CXX_LANGUAGE_STANDARD = "gnu++17";
				CLANG_ENABLE_MODULES = YES;
				CLANG_ENABLE_OBJC_ARC = YES;
				CLANG_ENABLE_OBJC_WEAK = YES;
				CLANG_WARN_BLOCK_CAPTURE_AUTORELEASING = YES;
				CLANG_WARN_BOOL_CONVERSION = YES;
				CLANG_WARN_COMMA = YES;
				CLANG_WARN_CONSTANT_CONVERSION = YES;
				CLANG_WARN_DEPRECATED_OBJC_IMPLEMENTATIONS = YES;
				CLANG_WARN_DIRECT_OBJC_ISA_USAGE = YES_ERROR;
				CLANG_WARN_DOCUMENTATION_COMMENTS = YES;
				CLANG_WARN_EMPTY_BODY = YES;
				CLANG_WARN_ENUM_CONVERSION = YES;
				CLANG_WARN_INFINITE_RECURSION = YES;
				CLANG_WARN_INT_CONVERSION = YES;
				CLANG_WARN_NON_LITERAL_NULL_CONVERSION = YES;
				CLANG_WARN_OBJC_IMPLICIT_RETAIN_SELF = YES;
				CLANG_WARN_OBJC_LITERAL_CONVERSION = YES;
				CLANG_WARN_OBJC_ROOT_CLASS = YES_ERROR;
				CLANG_WARN_QUOTED_INCLUDE_IN_FRAMEWORK_HEADER = YES;
				CLANG_WARN_RANGE_LOOP_ANALYSIS = YES;
				CLANG_WARN_STRICT_PROTOTYPES = YES;
				CLANG_WARN_SUSPICIOUS_MOVE = YES;
				CLANG_WARN_UNGUARDED_AVAILABILITY = YES_AGGRESSIVE;
				CLANG_WARN_UNREACHABLE_CODE = YES;
				CLANG_WARN__DUPLICATE_METHOD_MATCH = YES;
				COPY_PHASE_STRIP = NO;
				DEBUG_INFORMATION_FORMAT = "dwarf-with-dsym";
				ENABLE_NS_ASSERTIONS = NO;
				ENABLE_STRICT_OBJC_MSGSEND = YES;
				GCC_C_LANGUAGE_STANDARD = gnu11;
				GCC_NO_COMMON_BLOCKS = YES;
				GCC_WARN_64_TO_32_BIT_CONVERSION = YES;
				GCC_WARN_ABOUT_RETURN_TYPE = YES_ERROR;
				GCC_WARN_UNDECLARED_SELECTOR = YES;
				GCC_WARN_UNINITIALIZED_AUTOS = YES_AGGRESSIVE;
				GCC_WARN_UNUSED_FUNCTION = YES;
				GCC_WARN_UNUSED_VARIABLE = YES;
				IPHONEOS_DEPLOYMENT_TARGET = 15.5;
				MTL_ENABLE_DEBUG_INFO = NO;
				MTL_FAST_MATH = YES;
				SDKROOT = iphoneos;
				SWIFT_COMPILATION_MODE = wholemodule;
				SWIFT_OPTIMIZATION_LEVEL = "-O";
				VALIDATE_PRODUCT = YES;
			};
			name = Release;
		};
		06CB96E528B0C971007423BC /* Debug */ = {
			isa = XCBuildConfiguration;
			buildSettings = {
				ASSETCATALOG_COMPILER_APPICON_NAME = AppIcon;
				ASSETCATALOG_COMPILER_GLOBAL_ACCENT_COLOR_NAME = AccentColor;
				CODE_SIGN_STYLE = Automatic;
				CURRENT_PROJECT_VERSION = 1;
				DEVELOPMENT_TEAM = VQ5VJ2W2YB;
				GENERATE_INFOPLIST_FILE = YES;
				INFOPLIST_FILE = Path/Info.plist;
				INFOPLIST_KEY_UIApplicationSupportsIndirectInputEvents = YES;
				INFOPLIST_KEY_UILaunchStoryboardName = LaunchScreen;
				INFOPLIST_KEY_UIMainStoryboardFile = Main;
				INFOPLIST_KEY_UISupportedInterfaceOrientations_iPad = "UIInterfaceOrientationPortrait UIInterfaceOrientationPortraitUpsideDown UIInterfaceOrientationLandscapeLeft UIInterfaceOrientationLandscapeRight";
				INFOPLIST_KEY_UISupportedInterfaceOrientations_iPhone = "UIInterfaceOrientationPortrait UIInterfaceOrientationLandscapeLeft UIInterfaceOrientationLandscapeRight";
				LD_RUNPATH_SEARCH_PATHS = (
					"$(inherited)",
					"@executable_path/Frameworks",
				);
				MARKETING_VERSION = 1.0;
				PRODUCT_BUNDLE_IDENTIFIER = ru.swiftBook.Path;
				PRODUCT_NAME = "$(TARGET_NAME)";
				SWIFT_EMIT_LOC_STRINGS = YES;
				SWIFT_VERSION = 5.0;
				TARGETED_DEVICE_FAMILY = "1,2";
			};
			name = Debug;
		};
		06CB96E628B0C971007423BC /* Release */ = {
			isa = XCBuildConfiguration;
			buildSettings = {
				ASSETCATALOG_COMPILER_APPICON_NAME = AppIcon;
				ASSETCATALOG_COMPILER_GLOBAL_ACCENT_COLOR_NAME = AccentColor;
				CODE_SIGN_STYLE = Automatic;
				CURRENT_PROJECT_VERSION = 1;
				DEVELOPMENT_TEAM = VQ5VJ2W2YB;
				GENERATE_INFOPLIST_FILE = YES;
				INFOPLIST_FILE = Path/Info.plist;
				INFOPLIST_KEY_UIApplicationSupportsIndirectInputEvents = YES;
				INFOPLIST_KEY_UILaunchStoryboardName = LaunchScreen;
				INFOPLIST_KEY_UIMainStoryboardFile = Main;
				INFOPLIST_KEY_UISupportedInterfaceOrientations_iPad = "UIInterfaceOrientationPortrait UIInterfaceOrientationPortraitUpsideDown UIInterfaceOrientationLandscapeLeft UIInterfaceOrientationLandscapeRight";
				INFOPLIST_KEY_UISupportedInterfaceOrientations_iPhone = "UIInterfaceOrientationPortrait UIInterfaceOrientationLandscapeLeft UIInterfaceOrientationLandscapeRight";
				LD_RUNPATH_SEARCH_PATHS = (
					"$(inherited)",
					"@executable_path/Frameworks",
				);
				MARKETING_VERSION = 1.0;
				PRODUCT_BUNDLE_IDENTIFIER = ru.swiftBook.Path;
				PRODUCT_NAME = "$(TARGET_NAME)";
				SWIFT_EMIT_LOC_STRINGS = YES;
				SWIFT_VERSION = 5.0;
				TARGETED_DEVICE_FAMILY = "1,2";
			};
			name = Release;
		};
/* End XCBuildConfiguration section */

/* Begin XCConfigurationList section */
		06CB96CB28B0C971007423BC /* Build configuration list for PBXProject "Path" */ = {
			isa = XCConfigurationList;
			buildConfigurations = (
				06CB96E228B0C971007423BC /* Debug */,
				06CB96E328B0C971007423BC /* Release */,
			);
			defaultConfigurationIsVisible = 0;
			defaultConfigurationName = Release;
		};
		06CB96E428B0C971007423BC /* Build configuration list for PBXNativeTarget "Path" */ = {
			isa = XCConfigurationList;
			buildConfigurations = (
				06CB96E528B0C971007423BC /* Debug */,
				06CB96E628B0C971007423BC /* Release */,
			);
			defaultConfigurationIsVisible = 0;
			defaultConfigurationName = Release;
		};
/* End XCConfigurationList section */
	};
	rootObject = 06CB96C828B0C971007423BC /* Project object */;
}
